
Microsoft Visual Studio Solution File, Format Version 12.00
# Visual Studio 15
VisualStudioVersion = 15.0.28307.102
MinimumVisualStudioVersion = 10.0.40219.1
Project("{FAE04EC0-301F-11D3-BF4B-00C04F79EFBC}") = "FinalESTDAT", "FinalESTDAT\FinalESTDAT.csproj", "{F05A9BC9-B37A-4845-99A5-84EB9039B05B}"
EndProject
Global
	GlobalSection(SolutionConfigurationPlatforms) = preSolution
		Debug|Any CPU = Debug|Any CPU
		Release|Any CPU = Release|Any CPU
	EndGlobalSection
	GlobalSection(ProjectConfigurationPlatforms) = postSolution
		{F05A9BC9-B37A-4845-99A5-84EB9039B05B}.Debug|Any CPU.ActiveCfg = Debug|Any CPU
		{F05A9BC9-B37A-4845-99A5-84EB9039B05B}.Debug|Any CPU.Build.0 = Debug|Any CPU
		{F05A9BC9-B37A-4845-99A5-84EB9039B05B}.Release|Any CPU.ActiveCfg = Release|Any CPU
		{F05A9BC9-B37A-4845-99A5-84EB9039B05B}.Release|Any CPU.Build.0 = Release|Any CPU
	EndGlobalSection
	GlobalSection(SolutionProperties) = preSolution
		HideSolutionNode = FALSE
	EndGlobalSection
	GlobalSection(ExtensibilityGlobals) = postSolution
		SolutionGuid = {522E503C-5990-460A-8C37-643323965F35}
	EndGlobalSection
EndGlobal
